// !$*UTF8*$!
{
	archiveVersion = 1;
	classes = {
	};
	objectVersion = 46;
	objects = {

/* Begin PBXBuildFile section */
		C915DF2D1ADC13120083189C /* main.m in Sources */ = {isa = PBXBuildFile; fileRef = C915DF2C1ADC13120083189C /* main.m */; };
		C915DF301ADC13120083189C /* AppDelegate.m in Sources */ = {isa = PBXBuildFile; fileRef = C915DF2F1ADC13120083189C /* AppDelegate.m */; };
		C915DF331ADC13120083189C /* ViewController.m in Sources */ = {isa = PBXBuildFile; fileRef = C915DF321ADC13120083189C /* ViewController.m */; };
		C915DF361ADC13120083189C /* Main.storyboard in Resources */ = {isa = PBXBuildFile; fileRef = C915DF341ADC13120083189C /* Main.storyboard */; };
		C915DF381ADC13120083189C /* Images.xcassets in Resources */ = {isa = PBXBuildFile; fileRef = C915DF371ADC13120083189C /* Images.xcassets */; };
		C915DF3B1ADC13120083189C /* LaunchScreen.xib in Resources */ = {isa = PBXBuildFile; fileRef = C915DF391ADC13120083189C /* LaunchScreen.xib */; };
		C915DF471ADC13120083189C /* AlleyCatMapperTests.m in Sources */ = {isa = PBXBuildFile; fileRef = C915DF461ADC13120083189C /* AlleyCatMapperTests.m */; };
		C915DF521ADC138A0083189C /* GoogleMaps.framework in Frameworks */ = {isa = PBXBuildFile; fileRef = C915DF511ADC138A0083189C /* GoogleMaps.framework */; };
		C915DF541ADC13A60083189C /* CoreLocation.framework in Frameworks */ = {isa = PBXBuildFile; fileRef = C915DF531ADC13A60083189C /* CoreLocation.framework */; };
		C915DF561ADC13B70083189C /* CoreData.framework in Frameworks */ = {isa = PBXBuildFile; fileRef = C915DF551ADC13B70083189C /* CoreData.framework */; };
		C915DF581ADC13CE0083189C /* OpenGLES.framework in Frameworks */ = {isa = PBXBuildFile; fileRef = C915DF571ADC13CE0083189C /* OpenGLES.framework */; };
		C915DF5A1ADC13D80083189C /* QuartzCore.framework in Frameworks */ = {isa = PBXBuildFile; fileRef = C915DF591ADC13D80083189C /* QuartzCore.framework */; };
		C915DF5C1ADC13E10083189C /* AVFoundation.framework in Frameworks */ = {isa = PBXBuildFile; fileRef = C915DF5B1ADC13E10083189C /* AVFoundation.framework */; };
		C915DF5E1ADC13ED0083189C /* CoreText.framework in Frameworks */ = {isa = PBXBuildFile; fileRef = C915DF5D1ADC13ED0083189C /* CoreText.framework */; };
		C915DF601ADC13F80083189C /* GLKit.framework in Frameworks */ = {isa = PBXBuildFile; fileRef = C915DF5F1ADC13F80083189C /* GLKit.framework */; };
		C915DF621ADC14020083189C /* ImageIO.framework in Frameworks */ = {isa = PBXBuildFile; fileRef = C915DF611ADC14020083189C /* ImageIO.framework */; };
		C915DF641ADC14120083189C /* libc++.dylib in Frameworks */ = {isa = PBXBuildFile; fileRef = C915DF631ADC14120083189C /* libc++.dylib */; };
		C915DF661ADC141D0083189C /* libicucore.dylib in Frameworks */ = {isa = PBXBuildFile; fileRef = C915DF651ADC141D0083189C /* libicucore.dylib */; };
		C915DF681ADC14270083189C /* libz.dylib in Frameworks */ = {isa = PBXBuildFile; fileRef = C915DF671ADC14270083189C /* libz.dylib */; };
		C915DF6A1ADC14460083189C /* SystemConfiguration.framework in Frameworks */ = {isa = PBXBuildFile; fileRef = C915DF691ADC14460083189C /* SystemConfiguration.framework */; };
/* End PBXBuildFile section */

/* Begin PBXContainerItemProxy section */
		C915DF411ADC13120083189C /* PBXContainerItemProxy */ = {
			isa = PBXContainerItemProxy;
			containerPortal = C915DF1F1ADC13120083189C /* Project object */;
			proxyType = 1;
			remoteGlobalIDString = C915DF261ADC13120083189C;
			remoteInfo = AlleyCatMapper;
		};
/* End PBXContainerItemProxy section */

/* Begin PBXFileReference section */
		C915DF271ADC13120083189C /* AlleyCatMapper.app */ = {isa = PBXFileReference; explicitFileType = wrapper.application; includeInIndex = 0; path = AlleyCatMapper.app; sourceTree = BUILT_PRODUCTS_DIR; };
		C915DF2B1ADC13120083189C /* Info.plist */ = {isa = PBXFileReference; lastKnownFileType = text.plist.xml; path = Info.plist; sourceTree = "<group>"; };
		C915DF2C1ADC13120083189C /* main.m */ = {isa = PBXFileReference; lastKnownFileType = sourcecode.c.objc; path = main.m; sourceTree = "<group>"; };
		C915DF2E1ADC13120083189C /* AppDelegate.h */ = {isa = PBXFileReference; lastKnownFileType = sourcecode.c.h; path = AppDelegate.h; sourceTree = "<group>"; };
		C915DF2F1ADC13120083189C /* AppDelegate.m */ = {isa = PBXFileReference; lastKnownFileType = sourcecode.c.objc; path = AppDelegate.m; sourceTree = "<group>"; };
		C915DF311ADC13120083189C /* ViewController.h */ = {isa = PBXFileReference; lastKnownFileType = sourcecode.c.h; path = ViewController.h; sourceTree = "<group>"; };
		C915DF321ADC13120083189C /* ViewController.m */ = {isa = PBXFileReference; lastKnownFileType = sourcecode.c.objc; path = ViewController.m; sourceTree = "<group>"; };
		C915DF351ADC13120083189C /* Base */ = {isa = PBXFileReference; lastKnownFileType = file.storyboard; name = Base; path = Base.lproj/Main.storyboard; sourceTree = "<group>"; };
		C915DF371ADC13120083189C /* Images.xcassets */ = {isa = PBXFileReference; lastKnownFileType = folder.assetcatalog; path = Images.xcassets; sourceTree = "<group>"; };
		C915DF3A1ADC13120083189C /* Base */ = {isa = PBXFileReference; lastKnownFileType = file.xib; name = Base; path = Base.lproj/LaunchScreen.xib; sourceTree = "<group>"; };
		C915DF401ADC13120083189C /* AlleyCatMapperTests.xctest */ = {isa = PBXFileReference; explicitFileType = wrapper.cfbundle; includeInIndex = 0; path = AlleyCatMapperTests.xctest; sourceTree = BUILT_PRODUCTS_DIR; };
		C915DF451ADC13120083189C /* Info.plist */ = {isa = PBXFileReference; lastKnownFileType = text.plist.xml; path = Info.plist; sourceTree = "<group>"; };
		C915DF461ADC13120083189C /* AlleyCatMapperTests.m */ = {isa = PBXFileReference; lastKnownFileType = sourcecode.c.objc; path = AlleyCatMapperTests.m; sourceTree = "<group>"; };
		C915DF511ADC138A0083189C /* GoogleMaps.framework */ = {isa = PBXFileReference; lastKnownFileType = wrapper.framework; path = GoogleMaps.framework; sourceTree = "<group>"; };
		C915DF531ADC13A60083189C /* CoreLocation.framework */ = {isa = PBXFileReference; lastKnownFileType = wrapper.framework; name = CoreLocation.framework; path = System/Library/Frameworks/CoreLocation.framework; sourceTree = SDKROOT; };
		C915DF551ADC13B70083189C /* CoreData.framework */ = {isa = PBXFileReference; lastKnownFileType = wrapper.framework; name = CoreData.framework; path = System/Library/Frameworks/CoreData.framework; sourceTree = SDKROOT; };
		C915DF571ADC13CE0083189C /* OpenGLES.framework */ = {isa = PBXFileReference; lastKnownFileType = wrapper.framework; name = OpenGLES.framework; path = System/Library/Frameworks/OpenGLES.framework; sourceTree = SDKROOT; };
		C915DF591ADC13D80083189C /* QuartzCore.framework */ = {isa = PBXFileReference; lastKnownFileType = wrapper.framework; name = QuartzCore.framework; path = System/Library/Frameworks/QuartzCore.framework; sourceTree = SDKROOT; };
		C915DF5B1ADC13E10083189C /* AVFoundation.framework */ = {isa = PBXFileReference; lastKnownFileType = wrapper.framework; name = AVFoundation.framework; path = System/Library/Frameworks/AVFoundation.framework; sourceTree = SDKROOT; };
		C915DF5D1ADC13ED0083189C /* CoreText.framework */ = {isa = PBXFileReference; lastKnownFileType = wrapper.framework; name = CoreText.framework; path = System/Library/Frameworks/CoreText.framework; sourceTree = SDKROOT; };
		C915DF5F1ADC13F80083189C /* GLKit.framework */ = {isa = PBXFileReference; lastKnownFileType = wrapper.framework; name = GLKit.framework; path = System/Library/Frameworks/GLKit.framework; sourceTree = SDKROOT; };
		C915DF611ADC14020083189C /* ImageIO.framework */ = {isa = PBXFileReference; lastKnownFileType = wrapper.framework; name = ImageIO.framework; path = System/Library/Frameworks/ImageIO.framework; sourceTree = SDKROOT; };
		C915DF631ADC14120083189C /* libc++.dylib */ = {isa = PBXFileReference; lastKnownFileType = "compiled.mach-o.dylib"; name = "libc++.dylib"; path = "usr/lib/libc++.dylib"; sourceTree = SDKROOT; };
		C915DF651ADC141D0083189C /* libicucore.dylib */ = {isa = PBXFileReference; lastKnownFileType = "compiled.mach-o.dylib"; name = libicucore.dylib; path = usr/lib/libicucore.dylib; sourceTree = SDKROOT; };
		C915DF671ADC14270083189C /* libz.dylib */ = {isa = PBXFileReference; lastKnownFileType = "compiled.mach-o.dylib"; name = libz.dylib; path = usr/lib/libz.dylib; sourceTree = SDKROOT; };
		C915DF691ADC14460083189C /* SystemConfiguration.framework */ = {isa = PBXFileReference; lastKnownFileType = wrapper.framework; name = SystemConfiguration.framework; path = System/Library/Frameworks/SystemConfiguration.framework; sourceTree = SDKROOT; };
/* End PBXFileReference section */

/* Begin PBXFrameworksBuildPhase section */
		C915DF241ADC13120083189C /* Frameworks */ = {
			isa = PBXFrameworksBuildPhase;
			buildActionMask = 2147483647;
			files = (
				C915DF6A1ADC14460083189C /* SystemConfiguration.framework in Frameworks */,
				C915DF681ADC14270083189C /* libz.dylib in Frameworks */,
				C915DF661ADC141D0083189C /* libicucore.dylib in Frameworks */,
				C915DF641ADC14120083189C /* libc++.dylib in Frameworks */,
				C915DF621ADC14020083189C /* ImageIO.framework in Frameworks */,
				C915DF601ADC13F80083189C /* GLKit.framework in Frameworks */,
				C915DF5E1ADC13ED0083189C /* CoreText.framework in Frameworks */,
				C915DF5C1ADC13E10083189C /* AVFoundation.framework in Frameworks */,
				C915DF5A1ADC13D80083189C /* QuartzCore.framework in Frameworks */,
				C915DF581ADC13CE0083189C /* OpenGLES.framework in Frameworks */,
				C915DF561ADC13B70083189C /* CoreData.framework in Frameworks */,
				C915DF541ADC13A60083189C /* CoreLocation.framework in Frameworks */,
				C915DF521ADC138A0083189C /* GoogleMaps.framework in Frameworks */,
			);
			runOnlyForDeploymentPostprocessing = 0;
		};
		C915DF3D1ADC13120083189C /* Frameworks */ = {
			isa = PBXFrameworksBuildPhase;
			buildActionMask = 2147483647;
			files = (
			);
			runOnlyForDeploymentPostprocessing = 0;
		};
/* End PBXFrameworksBuildPhase section */

/* Begin PBXGroup section */
		C915DF1E1ADC13120083189C = {
			isa = PBXGroup;
			children = (
				C915DF501ADC133A0083189C /* Frameworks */,
				C915DF291ADC13120083189C /* AlleyCatMapper */,
				C915DF431ADC13120083189C /* AlleyCatMapperTests */,
				C915DF281ADC13120083189C /* Products */,
			);
			sourceTree = "<group>";
		};
		C915DF281ADC13120083189C /* Products */ = {
			isa = PBXGroup;
			children = (
				C915DF271ADC13120083189C /* AlleyCatMapper.app */,
				C915DF401ADC13120083189C /* AlleyCatMapperTests.xctest */,
			);
			name = Products;
			sourceTree = "<group>";
		};
		C915DF291ADC13120083189C /* AlleyCatMapper */ = {
			isa = PBXGroup;
			children = (
				C915DF2E1ADC13120083189C /* AppDelegate.h */,
				C915DF2F1ADC13120083189C /* AppDelegate.m */,
				C915DF311ADC13120083189C /* ViewController.h */,
				C915DF321ADC13120083189C /* ViewController.m */,
				C915DF341ADC13120083189C /* Main.storyboard */,
				C915DF371ADC13120083189C /* Images.xcassets */,
				C915DF391ADC13120083189C /* LaunchScreen.xib */,
				C915DF2A1ADC13120083189C /* Supporting Files */,
			);
			path = AlleyCatMapper;
			sourceTree = "<group>";
		};
		C915DF2A1ADC13120083189C /* Supporting Files */ = {
			isa = PBXGroup;
			children = (
				C915DF2B1ADC13120083189C /* Info.plist */,
				C915DF2C1ADC13120083189C /* main.m */,
			);
			name = "Supporting Files";
			sourceTree = "<group>";
		};
		C915DF431ADC13120083189C /* AlleyCatMapperTests */ = {
			isa = PBXGroup;
			children = (
				C915DF461ADC13120083189C /* AlleyCatMapperTests.m */,
				C915DF441ADC13120083189C /* Supporting Files */,
			);
			path = AlleyCatMapperTests;
			sourceTree = "<group>";
		};
		C915DF441ADC13120083189C /* Supporting Files */ = {
			isa = PBXGroup;
			children = (
				C915DF451ADC13120083189C /* Info.plist */,
			);
			name = "Supporting Files";
			sourceTree = "<group>";
		};
		C915DF501ADC133A0083189C /* Frameworks */ = {
			isa = PBXGroup;
			children = (
				C915DF691ADC14460083189C /* SystemConfiguration.framework */,
				C915DF671ADC14270083189C /* libz.dylib */,
				C915DF651ADC141D0083189C /* libicucore.dylib */,
				C915DF631ADC14120083189C /* libc++.dylib */,
				C915DF611ADC14020083189C /* ImageIO.framework */,
				C915DF5F1ADC13F80083189C /* GLKit.framework */,
				C915DF5D1ADC13ED0083189C /* CoreText.framework */,
				C915DF5B1ADC13E10083189C /* AVFoundation.framework */,
				C915DF591ADC13D80083189C /* QuartzCore.framework */,
				C915DF571ADC13CE0083189C /* OpenGLES.framework */,
				C915DF551ADC13B70083189C /* CoreData.framework */,
				C915DF531ADC13A60083189C /* CoreLocation.framework */,
				C915DF511ADC138A0083189C /* GoogleMaps.framework */,
			);
			name = Frameworks;
			sourceTree = "<group>";
		};
/* End PBXGroup section */

/* Begin PBXNativeTarget section */
		C915DF261ADC13120083189C /* AlleyCatMapper */ = {
			isa = PBXNativeTarget;
			buildConfigurationList = C915DF4A1ADC13120083189C /* Build configuration list for PBXNativeTarget "AlleyCatMapper" */;
			buildPhases = (
				C915DF231ADC13120083189C /* Sources */,
				C915DF241ADC13120083189C /* Frameworks */,
				C915DF251ADC13120083189C /* Resources */,
			);
			buildRules = (
			);
			dependencies = (
			);
			name = AlleyCatMapper;
			productName = AlleyCatMapper;
			productReference = C915DF271ADC13120083189C /* AlleyCatMapper.app */;
			productType = "com.apple.product-type.application";
		};
		C915DF3F1ADC13120083189C /* AlleyCatMapperTests */ = {
			isa = PBXNativeTarget;
			buildConfigurationList = C915DF4D1ADC13120083189C /* Build configuration list for PBXNativeTarget "AlleyCatMapperTests" */;
			buildPhases = (
				C915DF3C1ADC13120083189C /* Sources */,
				C915DF3D1ADC13120083189C /* Frameworks */,
				C915DF3E1ADC13120083189C /* Resources */,
			);
			buildRules = (
			);
			dependencies = (
				C915DF421ADC13120083189C /* PBXTargetDependency */,
			);
			name = AlleyCatMapperTests;
			productName = AlleyCatMapperTests;
			productReference = C915DF401ADC13120083189C /* AlleyCatMapperTests.xctest */;
			productType = "com.apple.product-type.bundle.unit-test";
		};
/* End PBXNativeTarget section */

/* Begin PBXProject section */
		C915DF1F1ADC13120083189C /* Project object */ = {
			isa = PBXProject;
			attributes = {
				LastUpgradeCheck = 0630;
				ORGANIZATIONNAME = "Sydney Richardson";
				TargetAttributes = {
					C915DF261ADC13120083189C = {
						CreatedOnToolsVersion = 6.3;
					};
					C915DF3F1ADC13120083189C = {
						CreatedOnToolsVersion = 6.3;
						TestTargetID = C915DF261ADC13120083189C;
					};
				};
			};
			buildConfigurationList = C915DF221ADC13120083189C /* Build configuration list for PBXProject "AlleyCatMapper" */;
			compatibilityVersion = "Xcode 3.2";
			developmentRegion = English;
			hasScannedForEncodings = 0;
			knownRegions = (
				en,
				Base,
			);
			mainGroup = C915DF1E1ADC13120083189C;
			productRefGroup = C915DF281ADC13120083189C /* Products */;
			projectDirPath = "";
			projectRoot = "";
			targets = (
				C915DF261ADC13120083189C /* AlleyCatMapper */,
				C915DF3F1ADC13120083189C /* AlleyCatMapperTests */,
			);
		};
/* End PBXProject section */

/* Begin PBXResourcesBuildPhase section */
		C915DF251ADC13120083189C /* Resources */ = {
			isa = PBXResourcesBuildPhase;
			buildActionMask = 2147483647;
			files = (
				C915DF361ADC13120083189C /* Main.storyboard in Resources */,
				C915DF3B1ADC13120083189C /* LaunchScreen.xib in Resources */,
				C915DF381ADC13120083189C /* Images.xcassets in Resources */,
			);
			runOnlyForDeploymentPostprocessing = 0;
		};
		C915DF3E1ADC13120083189C /* Resources */ = {
			isa = PBXResourcesBuildPhase;
			buildActionMask = 2147483647;
			files = (
			);
			runOnlyForDeploymentPostprocessing = 0;
		};
/* End PBXResourcesBuildPhase section */

/* Begin PBXSourcesBuildPhase section */
		C915DF231ADC13120083189C /* Sources */ = {
			isa = PBXSourcesBuildPhase;
			buildActionMask = 2147483647;
			files = (
				C915DF331ADC13120083189C /* ViewController.m in Sources */,
				C915DF301ADC13120083189C /* AppDelegate.m in Sources */,
				C915DF2D1ADC13120083189C /* main.m in Sources */,
			);
			runOnlyForDeploymentPostprocessing = 0;
		};
		C915DF3C1ADC13120083189C /* Sources */ = {
			isa = PBXSourcesBuildPhase;
			buildActionMask = 2147483647;
			files = (
				C915DF471ADC13120083189C /* AlleyCatMapperTests.m in Sources */,
			);
			runOnlyForDeploymentPostprocessing = 0;
		};
/* End PBXSourcesBuildPhase section */

/* Begin PBXTargetDependency section */
		C915DF421ADC13120083189C /* PBXTargetDependency */ = {
			isa = PBXTargetDependency;
			target = C915DF261ADC13120083189C /* AlleyCatMapper */;
			targetProxy = C915DF411ADC13120083189C /* PBXContainerItemProxy */;
		};
/* End PBXTargetDependency section */

/* Begin PBXVariantGroup section */
		C915DF341ADC13120083189C /* Main.storyboard */ = {
			isa = PBXVariantGroup;
			children = (
				C915DF351ADC13120083189C /* Base */,
			);
			name = Main.storyboard;
			sourceTree = "<group>";
		};
		C915DF391ADC13120083189C /* LaunchScreen.xib */ = {
			isa = PBXVariantGroup;
			children = (
				C915DF3A1ADC13120083189C /* Base */,
			);
			name = LaunchScreen.xib;
			sourceTree = "<group>";
		};
/* End PBXVariantGroup section */

/* Begin XCBuildConfiguration section */
		C915DF481ADC13120083189C /* Debug */ = {
			isa = XCBuildConfiguration;
			buildSettings = {
				ALWAYS_SEARCH_USER_PATHS = NO;
				CLANG_CXX_LANGUAGE_STANDARD = "gnu++0x";
				CLANG_CXX_LIBRARY = "libc++";
				CLANG_ENABLE_MODULES = YES;
				CLANG_ENABLE_OBJC_ARC = YES;
				CLANG_WARN_BOOL_CONVERSION = YES;
				CLANG_WARN_CONSTANT_CONVERSION = YES;
				CLANG_WARN_DIRECT_OBJC_ISA_USAGE = YES_ERROR;
				CLANG_WARN_EMPTY_BODY = YES;
				CLANG_WARN_ENUM_CONVERSION = YES;
				CLANG_WARN_INT_CONVERSION = YES;
				CLANG_WARN_OBJC_ROOT_CLASS = YES_ERROR;
				CLANG_WARN_UNREACHABLE_CODE = YES;
				CLANG_WARN__DUPLICATE_METHOD_MATCH = YES;
				"CODE_SIGN_IDENTITY[sdk=iphoneos*]" = "iPhone Developer";
				COPY_PHASE_STRIP = NO;
				DEBUG_INFORMATION_FORMAT = "dwarf-with-dsym";
				ENABLE_STRICT_OBJC_MSGSEND = YES;
				GCC_C_LANGUAGE_STANDARD = gnu99;
				GCC_DYNAMIC_NO_PIC = NO;
				GCC_NO_COMMON_BLOCKS = YES;
				GCC_OPTIMIZATION_LEVEL = 0;
				GCC_PREPROCESSOR_DEFINITIONS = (
					"DEBUG=1",
					"$(inherited)",
				);
				GCC_SYMBOLS_PRIVATE_EXTERN = NO;
				GCC_WARN_64_TO_32_BIT_CONVERSION = YES;
				GCC_WARN_ABOUT_RETURN_TYPE = YES_ERROR;
				GCC_WARN_UNDECLARED_SELECTOR = YES;
				GCC_WARN_UNINITIALIZED_AUTOS = YES_AGGRESSIVE;
				GCC_WARN_UNUSED_FUNCTION = YES;
				GCC_WARN_UNUSED_VARIABLE = YES;
				IPHONEOS_DEPLOYMENT_TARGET = 8.3;
				MTL_ENABLE_DEBUG_INFO = YES;
				ONLY_ACTIVE_ARCH = YES;
				SDKROOT = iphoneos;
			};
			name = Debug;
		};
		C915DF491ADC13120083189C /* Release */ = {
			isa = XCBuildConfiguration;
			buildSettings = {
				ALWAYS_SEARCH_USER_PATHS = NO;
				CLANG_CXX_LANGUAGE_STANDARD = "gnu++0x";
				CLANG_CXX_LIBRARY = "libc++";
				CLANG_ENABLE_MODULES = YES;
				CLANG_ENABLE_OBJC_ARC = YES;
				CLANG_WARN_BOOL_CONVERSION = YES;
				CLANG_WARN_CONSTANT_CONVERSION = YES;
				CLANG_WARN_DIRECT_OBJC_ISA_USAGE = YES_ERROR;
				CLANG_WARN_EMPTY_BODY = YES;
				CLANG_WARN_ENUM_CONVERSION = YES;
				CLANG_WARN_INT_CONVERSION = YES;
				CLANG_WARN_OBJC_ROOT_CLASS = YES_ERROR;
				CLANG_WARN_UNREACHABLE_CODE = YES;
				CLANG_WARN__DUPLICATE_METHOD_MATCH = YES;
				"CODE_SIGN_IDENTITY[sdk=iphoneos*]" = "iPhone Developer";
				COPY_PHASE_STRIP = NO;
				DEBUG_INFORMATION_FORMAT = "dwarf-with-dsym";
				ENABLE_NS_ASSERTIONS = NO;
				ENABLE_STRICT_OBJC_MSGSEND = YES;
				GCC_C_LANGUAGE_STANDARD = gnu99;
				GCC_NO_COMMON_BLOCKS = YES;
				GCC_WARN_64_TO_32_BIT_CONVERSION = YES;
				GCC_WARN_ABOUT_RETURN_TYPE = YES_ERROR;
				GCC_WARN_UNDECLARED_SELECTOR = YES;
				GCC_WARN_UNINITIALIZED_AUTOS = YES_AGGRESSIVE;
				GCC_WARN_UNUSED_FUNCTION = YES;
				GCC_WARN_UNUSED_VARIABLE = YES;
				IPHONEOS_DEPLOYMENT_TARGET = 8.3;
				MTL_ENABLE_DEBUG_INFO = NO;
				SDKROOT = iphoneos;
				VALIDATE_PRODUCT = YES;
			};
			name = Release;
		};
		C915DF4B1ADC13120083189C /* Debug */ = {
			isa = XCBuildConfiguration;
			buildSettings = {
				ASSETCATALOG_COMPILER_APPICON_NAME = AppIcon;
				FRAMEWORK_SEARCH_PATHS = (
					"$(inherited)",
					"$(PROJECT_DIR)",
				);
				INFOPLIST_FILE = AlleyCatMapper/Info.plist;
				IPHONEOS_DEPLOYMENT_TARGET = 7.1;
				LD_RUNPATH_SEARCH_PATHS = "$(inherited) @executable_path/Frameworks";
				PRODUCT_NAME = "$(TARGET_NAME)";
			};
			name = Debug;
		};
		C915DF4C1ADC13120083189C /* Release */ = {
			isa = XCBuildConfiguration;
			buildSettings = {
				ASSETCATALOG_COMPILER_APPICON_NAME = AppIcon;
				FRAMEWORK_SEARCH_PATHS = (
					"$(inherited)",
					"$(PROJECT_DIR)",
				);
				INFOPLIST_FILE = AlleyCatMapper/Info.plist;
				IPHONEOS_DEPLOYMENT_TARGET = 7.1;
				LD_RUNPATH_SEARCH_PATHS = "$(inherited) @executable_path/Frameworks";
				PRODUCT_NAME = "$(TARGET_NAME)";
			};
			name = Release;
		};
		C915DF4E1ADC13120083189C /* Debug */ = {
			isa = XCBuildConfiguration;
			buildSettings = {
				BUNDLE_LOADER = "$(TEST_HOST)";
				FRAMEWORK_SEARCH_PATHS = (
					"$(SDKROOT)/Developer/Library/Frameworks",
					"$(inherited)",
				);
				GCC_PREPROCESSOR_DEFINITIONS = (
					"DEBUG=1",
					"$(inherited)",
				);
				INFOPLIST_FILE = AlleyCatMapperTests/Info.plist;
				LD_RUNPATH_SEARCH_PATHS = "$(inherited) @executable_path/Frameworks @loader_path/Frameworks";
				PRODUCT_NAME = "$(TARGET_NAME)";
				TEST_HOST = "$(BUILT_PRODUCTS_DIR)/AlleyCatMapper.app/AlleyCatMapper";
			};
			name = Debug;
		};
		C915DF4F1ADC13120083189C /* Release */ = {
			isa = XCBuildConfiguration;
			buildSettings = {
				BUNDLE_LOADER = "$(TEST_HOST)";
				FRAMEWORK_SEARCH_PATHS = (
					"$(SDKROOT)/Developer/Library/Frameworks",
					"$(inherited)",
				);
				INFOPLIST_FILE = AlleyCatMapperTests/Info.plist;
				LD_RUNPATH_SEARCH_PATHS = "$(inherited) @executable_path/Frameworks @loader_path/Frameworks";
				PRODUCT_NAME = "$(TARGET_NAME)";
				TEST_HOST = "$(BUILT_PRODUCTS_DIR)/AlleyCatMapper.app/AlleyCatMapper";
			};
			name = Release;
		};
/* End XCBuildConfiguration section */

/* Begin XCConfigurationList section */
		C915DF221ADC13120083189C /* Build configuration list for PBXProject "AlleyCatMapper" */ = {
			isa = XCConfigurationList;
			buildConfigurations = (
				C915DF481ADC13120083189C /* Debug */,
				C915DF491ADC13120083189C /* Release */,
			);
			defaultConfigurationIsVisible = 0;
			defaultConfigurationName = Release;
		};
		C915DF4A1ADC13120083189C /* Build configuration list for PBXNativeTarget "AlleyCatMapper" */ = {
			isa = XCConfigurationList;
			buildConfigurations = (
				C915DF4B1ADC13120083189C /* Debug */,
				C915DF4C1ADC13120083189C /* Release */,
			);
			defaultConfigurationIsVisible = 0;
		};
		C915DF4D1ADC13120083189C /* Build configuration list for PBXNativeTarget "AlleyCatMapperTests" */ = {
			isa = XCConfigurationList;
			buildConfigurations = (
				C915DF4E1ADC13120083189C /* Debug */,
				C915DF4F1ADC13120083189C /* Release */,
			);
			defaultConfigurationIsVisible = 0;
		};
/* End XCConfigurationList section */
	};
	rootObject = C915DF1F1ADC13120083189C /* Project object */;
}
